// !$*UTF8*$!
{
	archiveVersion = 1;
	classes = {
	};
	objectVersion = 53;
	objects = {

/* Begin PBXBuildFile section */
		5C1CAD72A1C8EAAF7777ED56 /* Pods_News_app_News_appUITests.framework in Frameworks */ = {isa = PBXBuildFile; fileRef = 44D5981A5DF42D14E6BB28FB /* Pods_News_app_News_appUITests.framework */; };
		766A14E12AB959F60052F0D6 /* NewsListPresenter.swift in Sources */ = {isa = PBXBuildFile; fileRef = 766A14E02AB959F60052F0D6 /* NewsListPresenter.swift */; };
		766A14E42AB95CE90052F0D6 /* NewsListTableViewCell.swift in Sources */ = {isa = PBXBuildFile; fileRef = 766A14E32AB95CE90052F0D6 /* NewsListTableViewCell.swift */; };
		766A14E62AB963B10052F0D6 /* NewsListTableViewHeaderView.swift in Sources */ = {isa = PBXBuildFile; fileRef = 766A14E52AB963B10052F0D6 /* NewsListTableViewHeaderView.swift */; };
		76E66B132AB93A0F000EF7E8 /* AppDelegate.swift in Sources */ = {isa = PBXBuildFile; fileRef = 76E66B122AB93A0F000EF7E8 /* AppDelegate.swift */; };
		76E66B152AB93A0F000EF7E8 /* SceneDelegate.swift in Sources */ = {isa = PBXBuildFile; fileRef = 76E66B142AB93A0F000EF7E8 /* SceneDelegate.swift */; };
		76E66B172AB93A0F000EF7E8 /* NewsListViewController.swift in Sources */ = {isa = PBXBuildFile; fileRef = 76E66B162AB93A0F000EF7E8 /* NewsListViewController.swift */; };
		76E66B1C2AB93A10000EF7E8 /* Assets.xcassets in Resources */ = {isa = PBXBuildFile; fileRef = 76E66B1B2AB93A10000EF7E8 /* Assets.xcassets */; };
		76E66B1F2AB93A10000EF7E8 /* LaunchScreen.storyboard in Resources */ = {isa = PBXBuildFile; fileRef = 76E66B1D2AB93A10000EF7E8 /* LaunchScreen.storyboard */; };
		76E66B2A2AB93A10000EF7E8 /* News_appTests.swift in Sources */ = {isa = PBXBuildFile; fileRef = 76E66B292AB93A10000EF7E8 /* News_appTests.swift */; };
		76E66B342AB93A10000EF7E8 /* News_appUITests.swift in Sources */ = {isa = PBXBuildFile; fileRef = 76E66B332AB93A10000EF7E8 /* News_appUITests.swift */; };
		76E66B362AB93A10000EF7E8 /* News_appUITestsLaunchTests.swift in Sources */ = {isa = PBXBuildFile; fileRef = 76E66B352AB93A10000EF7E8 /* News_appUITestsLaunchTests.swift */; };
		76E66B442AB93A54000EF7E8 /* SnapKit in Frameworks */ = {isa = PBXBuildFile; productRef = 76E66B432AB93A54000EF7E8 /* SnapKit */; };
		76E66B472AB93A67000EF7E8 /* Alamofire in Frameworks */ = {isa = PBXBuildFile; productRef = 76E66B462AB93A67000EF7E8 /* Alamofire */; };
		C37A55FB5662AA19635AC07F /* Pods_News_appTests.framework in Frameworks */ = {isa = PBXBuildFile; fileRef = B83F0064B2BF54C364A100F4 /* Pods_News_appTests.framework */; };
		CAF5BBCC0FF4BF55DBB99A66 /* Pods_News_app.framework in Frameworks */ = {isa = PBXBuildFile; fileRef = FE31FE3011A7DABC49086FC0 /* Pods_News_app.framework */; };
/* End PBXBuildFile section */

/* Begin PBXContainerItemProxy section */
		76E66B262AB93A10000EF7E8 /* PBXContainerItemProxy */ = {
			isa = PBXContainerItemProxy;
			containerPortal = 76E66B072AB93A0F000EF7E8 /* Project object */;
			proxyType = 1;
			remoteGlobalIDString = 76E66B0E2AB93A0F000EF7E8;
			remoteInfo = News_app;
		};
		76E66B302AB93A10000EF7E8 /* PBXContainerItemProxy */ = {
			isa = PBXContainerItemProxy;
			containerPortal = 76E66B072AB93A0F000EF7E8 /* Project object */;
			proxyType = 1;
			remoteGlobalIDString = 76E66B0E2AB93A0F000EF7E8;
			remoteInfo = News_app;
		};
/* End PBXContainerItemProxy section */

/* Begin PBXFileReference section */
		3B7D173F6898BA631FFA0648 /* Pods-News_app-News_appUITests.release.xcconfig */ = {isa = PBXFileReference; includeInIndex = 1; lastKnownFileType = text.xcconfig; name = "Pods-News_app-News_appUITests.release.xcconfig"; path = "Target Support Files/Pods-News_app-News_appUITests/Pods-News_app-News_appUITests.release.xcconfig"; sourceTree = "<group>"; };
		3FDF02F736AD864FA53FFB4B /* Pods-News_appTests.debug.xcconfig */ = {isa = PBXFileReference; includeInIndex = 1; lastKnownFileType = text.xcconfig; name = "Pods-News_appTests.debug.xcconfig"; path = "Target Support Files/Pods-News_appTests/Pods-News_appTests.debug.xcconfig"; sourceTree = "<group>"; };
		44D5981A5DF42D14E6BB28FB /* Pods_News_app_News_appUITests.framework */ = {isa = PBXFileReference; explicitFileType = wrapper.framework; includeInIndex = 0; path = Pods_News_app_News_appUITests.framework; sourceTree = BUILT_PRODUCTS_DIR; };
		4D522306121447F695001070 /* Pods-News_app.debug.xcconfig */ = {isa = PBXFileReference; includeInIndex = 1; lastKnownFileType = text.xcconfig; name = "Pods-News_app.debug.xcconfig"; path = "Target Support Files/Pods-News_app/Pods-News_app.debug.xcconfig"; sourceTree = "<group>"; };
		5CDC33978C1FBA7004F03FD6 /* Pods-News_app.release.xcconfig */ = {isa = PBXFileReference; includeInIndex = 1; lastKnownFileType = text.xcconfig; name = "Pods-News_app.release.xcconfig"; path = "Target Support Files/Pods-News_app/Pods-News_app.release.xcconfig"; sourceTree = "<group>"; };
		766A14E02AB959F60052F0D6 /* NewsListPresenter.swift */ = {isa = PBXFileReference; lastKnownFileType = sourcecode.swift; path = NewsListPresenter.swift; sourceTree = "<group>"; };
		766A14E32AB95CE90052F0D6 /* NewsListTableViewCell.swift */ = {isa = PBXFileReference; lastKnownFileType = sourcecode.swift; path = NewsListTableViewCell.swift; sourceTree = "<group>"; };
		766A14E52AB963B10052F0D6 /* NewsListTableViewHeaderView.swift */ = {isa = PBXFileReference; lastKnownFileType = sourcecode.swift; path = NewsListTableViewHeaderView.swift; sourceTree = "<group>"; };
		76E66B0F2AB93A0F000EF7E8 /* News_app.app */ = {isa = PBXFileReference; explicitFileType = wrapper.application; includeInIndex = 0; path = News_app.app; sourceTree = BUILT_PRODUCTS_DIR; };
		76E66B122AB93A0F000EF7E8 /* AppDelegate.swift */ = {isa = PBXFileReference; lastKnownFileType = sourcecode.swift; path = AppDelegate.swift; sourceTree = "<group>"; };
		76E66B142AB93A0F000EF7E8 /* SceneDelegate.swift */ = {isa = PBXFileReference; lastKnownFileType = sourcecode.swift; path = SceneDelegate.swift; sourceTree = "<group>"; };
		76E66B162AB93A0F000EF7E8 /* NewsListViewController.swift */ = {isa = PBXFileReference; lastKnownFileType = sourcecode.swift; path = NewsListViewController.swift; sourceTree = "<group>"; };
		76E66B1B2AB93A10000EF7E8 /* Assets.xcassets */ = {isa = PBXFileReference; lastKnownFileType = folder.assetcatalog; path = Assets.xcassets; sourceTree = "<group>"; };
		76E66B1E2AB93A10000EF7E8 /* Base */ = {isa = PBXFileReference; lastKnownFileType = file.storyboard; name = Base; path = Base.lproj/LaunchScreen.storyboard; sourceTree = "<group>"; };
		76E66B202AB93A10000EF7E8 /* Info.plist */ = {isa = PBXFileReference; lastKnownFileType = text.plist.xml; path = Info.plist; sourceTree = "<group>"; };
		76E66B252AB93A10000EF7E8 /* News_appTests.xctest */ = {isa = PBXFileReference; explicitFileType = wrapper.cfbundle; includeInIndex = 0; path = News_appTests.xctest; sourceTree = BUILT_PRODUCTS_DIR; };
		76E66B292AB93A10000EF7E8 /* News_appTests.swift */ = {isa = PBXFileReference; lastKnownFileType = sourcecode.swift; path = News_appTests.swift; sourceTree = "<group>"; };
		76E66B2F2AB93A10000EF7E8 /* News_appUITests.xctest */ = {isa = PBXFileReference; explicitFileType = wrapper.cfbundle; includeInIndex = 0; path = News_appUITests.xctest; sourceTree = BUILT_PRODUCTS_DIR; };
		76E66B332AB93A10000EF7E8 /* News_appUITests.swift */ = {isa = PBXFileReference; lastKnownFileType = sourcecode.swift; path = News_appUITests.swift; sourceTree = "<group>"; };
		76E66B352AB93A10000EF7E8 /* News_appUITestsLaunchTests.swift */ = {isa = PBXFileReference; lastKnownFileType = sourcecode.swift; path = News_appUITestsLaunchTests.swift; sourceTree = "<group>"; };
		A182A176B85019FBF7635DD2 /* Pods-News_app-News_appUITests.debug.xcconfig */ = {isa = PBXFileReference; includeInIndex = 1; lastKnownFileType = text.xcconfig; name = "Pods-News_app-News_appUITests.debug.xcconfig"; path = "Target Support Files/Pods-News_app-News_appUITests/Pods-News_app-News_appUITests.debug.xcconfig"; sourceTree = "<group>"; };
		AEC70BD0110D6051323AB2FE /* Pods-News_appTests.release.xcconfig */ = {isa = PBXFileReference; includeInIndex = 1; lastKnownFileType = text.xcconfig; name = "Pods-News_appTests.release.xcconfig"; path = "Target Support Files/Pods-News_appTests/Pods-News_appTests.release.xcconfig"; sourceTree = "<group>"; };
		B83F0064B2BF54C364A100F4 /* Pods_News_appTests.framework */ = {isa = PBXFileReference; explicitFileType = wrapper.framework; includeInIndex = 0; path = Pods_News_appTests.framework; sourceTree = BUILT_PRODUCTS_DIR; };
		FE31FE3011A7DABC49086FC0 /* Pods_News_app.framework */ = {isa = PBXFileReference; explicitFileType = wrapper.framework; includeInIndex = 0; path = Pods_News_app.framework; sourceTree = BUILT_PRODUCTS_DIR; };
/* End PBXFileReference section */

/* Begin PBXFrameworksBuildPhase section */
		76E66B0C2AB93A0F000EF7E8 /* Frameworks */ = {
			isa = PBXFrameworksBuildPhase;
			buildActionMask = 2147483647;
			files = (
				76E66B442AB93A54000EF7E8 /* SnapKit in Frameworks */,
				76E66B472AB93A67000EF7E8 /* Alamofire in Frameworks */,
				CAF5BBCC0FF4BF55DBB99A66 /* Pods_News_app.framework in Frameworks */,
			);
			runOnlyForDeploymentPostprocessing = 0;
		};
		76E66B222AB93A10000EF7E8 /* Frameworks */ = {
			isa = PBXFrameworksBuildPhase;
			buildActionMask = 2147483647;
			files = (
				C37A55FB5662AA19635AC07F /* Pods_News_appTests.framework in Frameworks */,
			);
			runOnlyForDeploymentPostprocessing = 0;
		};
		76E66B2C2AB93A10000EF7E8 /* Frameworks */ = {
			isa = PBXFrameworksBuildPhase;
			buildActionMask = 2147483647;
			files = (
				5C1CAD72A1C8EAAF7777ED56 /* Pods_News_app_News_appUITests.framework in Frameworks */,
			);
			runOnlyForDeploymentPostprocessing = 0;
		};
/* End PBXFrameworksBuildPhase section */

/* Begin PBXGroup section */
		05BF62500669E255F8519392 /* Frameworks */ = {
			isa = PBXGroup;
			children = (
				FE31FE3011A7DABC49086FC0 /* Pods_News_app.framework */,
				44D5981A5DF42D14E6BB28FB /* Pods_News_app_News_appUITests.framework */,
				B83F0064B2BF54C364A100F4 /* Pods_News_appTests.framework */,
			);
			name = Frameworks;
			sourceTree = "<group>";
		};
		766A14DF2AB959EA0052F0D6 /* Scenes */ = {
			isa = PBXGroup;
			children = (
				766A14E22AB959FD0052F0D6 /* NewsList */,
			);
			path = Scenes;
			sourceTree = "<group>";
		};
		766A14E22AB959FD0052F0D6 /* NewsList */ = {
			isa = PBXGroup;
			children = (
				76E66B162AB93A0F000EF7E8 /* NewsListViewController.swift */,
				766A14E32AB95CE90052F0D6 /* NewsListTableViewCell.swift */,
				766A14E02AB959F60052F0D6 /* NewsListPresenter.swift */,
				766A14E52AB963B10052F0D6 /* NewsListTableViewHeaderView.swift */,
			);
			path = NewsList;
			sourceTree = "<group>";
		};
		76E66B062AB93A0E000EF7E8 = {
			isa = PBXGroup;
			children = (
				76E66B112AB93A0F000EF7E8 /* News_app */,
				76E66B282AB93A10000EF7E8 /* News_appTests */,
				76E66B322AB93A10000EF7E8 /* News_appUITests */,
				76E66B102AB93A0F000EF7E8 /* Products */,
				CDDB48CA57009ABA71C2D877 /* Pods */,
				05BF62500669E255F8519392 /* Frameworks */,
			);
			sourceTree = "<group>";
		};
		76E66B102AB93A0F000EF7E8 /* Products */ = {
			isa = PBXGroup;
			children = (
				76E66B0F2AB93A0F000EF7E8 /* News_app.app */,
				76E66B252AB93A10000EF7E8 /* News_appTests.xctest */,
				76E66B2F2AB93A10000EF7E8 /* News_appUITests.xctest */,
			);
			name = Products;
			sourceTree = "<group>";
		};
		76E66B112AB93A0F000EF7E8 /* News_app */ = {
			isa = PBXGroup;
			children = (
				76E66B122AB93A0F000EF7E8 /* AppDelegate.swift */,
				76E66B142AB93A0F000EF7E8 /* SceneDelegate.swift */,
				766A14DF2AB959EA0052F0D6 /* Scenes */,
				76E66B1B2AB93A10000EF7E8 /* Assets.xcassets */,
				76E66B1D2AB93A10000EF7E8 /* LaunchScreen.storyboard */,
				76E66B202AB93A10000EF7E8 /* Info.plist */,
			);
			path = News_app;
			sourceTree = "<group>";
		};
		76E66B282AB93A10000EF7E8 /* News_appTests */ = {
			isa = PBXGroup;
			children = (
				76E66B292AB93A10000EF7E8 /* News_appTests.swift */,
			);
			path = News_appTests;
			sourceTree = "<group>";
		};
		76E66B322AB93A10000EF7E8 /* News_appUITests */ = {
			isa = PBXGroup;
			children = (
				76E66B332AB93A10000EF7E8 /* News_appUITests.swift */,
				76E66B352AB93A10000EF7E8 /* News_appUITestsLaunchTests.swift */,
			);
			path = News_appUITests;
			sourceTree = "<group>";
		};
		CDDB48CA57009ABA71C2D877 /* Pods */ = {
			isa = PBXGroup;
			children = (
				4D522306121447F695001070 /* Pods-News_app.debug.xcconfig */,
				5CDC33978C1FBA7004F03FD6 /* Pods-News_app.release.xcconfig */,
				A182A176B85019FBF7635DD2 /* Pods-News_app-News_appUITests.debug.xcconfig */,
				3B7D173F6898BA631FFA0648 /* Pods-News_app-News_appUITests.release.xcconfig */,
				3FDF02F736AD864FA53FFB4B /* Pods-News_appTests.debug.xcconfig */,
				AEC70BD0110D6051323AB2FE /* Pods-News_appTests.release.xcconfig */,
			);
			path = Pods;
			sourceTree = "<group>";
		};
/* End PBXGroup section */

/* Begin PBXNativeTarget section */
		76E66B0E2AB93A0F000EF7E8 /* News_app */ = {
			isa = PBXNativeTarget;
			buildConfigurationList = 76E66B392AB93A10000EF7E8 /* Build configuration list for PBXNativeTarget "News_app" */;
			buildPhases = (
				50666DF2AF05813F065B1832 /* [CP] Check Pods Manifest.lock */,
				76E66B0B2AB93A0F000EF7E8 /* Sources */,
				76E66B0C2AB93A0F000EF7E8 /* Frameworks */,
				76E66B0D2AB93A0F000EF7E8 /* Resources */,
				76FE631A2AB93B3800DF3C30 /* SwiftLint */,
				CCC8588D74EBBE570CF06040 /* [CP] Embed Pods Frameworks */,
			);
			buildRules = (
			);
			dependencies = (
			);
			name = News_app;
			packageProductDependencies = (
				76E66B432AB93A54000EF7E8 /* SnapKit */,
				76E66B462AB93A67000EF7E8 /* Alamofire */,
			);
			productName = News_app;
			productReference = 76E66B0F2AB93A0F000EF7E8 /* News_app.app */;
			productType = "com.apple.product-type.application";
		};
		76E66B242AB93A10000EF7E8 /* News_appTests */ = {
			isa = PBXNativeTarget;
			buildConfigurationList = 76E66B3C2AB93A10000EF7E8 /* Build configuration list for PBXNativeTarget "News_appTests" */;
			buildPhases = (
				D68D6014E19BAD1A8771E109 /* [CP] Check Pods Manifest.lock */,
				76E66B212AB93A10000EF7E8 /* Sources */,
				76E66B222AB93A10000EF7E8 /* Frameworks */,
				76E66B232AB93A10000EF7E8 /* Resources */,
			);
			buildRules = (
			);
			dependencies = (
				76E66B272AB93A10000EF7E8 /* PBXTargetDependency */,
			);
			name = News_appTests;
			productName = News_appTests;
			productReference = 76E66B252AB93A10000EF7E8 /* News_appTests.xctest */;
			productType = "com.apple.product-type.bundle.unit-test";
		};
		76E66B2E2AB93A10000EF7E8 /* News_appUITests */ = {
			isa = PBXNativeTarget;
			buildConfigurationList = 76E66B3F2AB93A10000EF7E8 /* Build configuration list for PBXNativeTarget "News_appUITests" */;
			buildPhases = (
				6E2BA39A57BA3013E297C01D /* [CP] Check Pods Manifest.lock */,
				76E66B2B2AB93A10000EF7E8 /* Sources */,
				76E66B2C2AB93A10000EF7E8 /* Frameworks */,
				76E66B2D2AB93A10000EF7E8 /* Resources */,
				7FDFFA118E50625354FA7FFD /* [CP] Embed Pods Frameworks */,
			);
			buildRules = (
			);
			dependencies = (
				76E66B312AB93A10000EF7E8 /* PBXTargetDependency */,
			);
			name = News_appUITests;
			productName = News_appUITests;
			productReference = 76E66B2F2AB93A10000EF7E8 /* News_appUITests.xctest */;
			productType = "com.apple.product-type.bundle.ui-testing";
		};
/* End PBXNativeTarget section */

/* Begin PBXProject section */
		76E66B072AB93A0F000EF7E8 /* Project object */ = {
			isa = PBXProject;
			attributes = {
				BuildIndependentTargetsInParallel = 1;
				LastSwiftUpdateCheck = 1430;
				LastUpgradeCheck = 1430;
				TargetAttributes = {
					76E66B0E2AB93A0F000EF7E8 = {
						CreatedOnToolsVersion = 14.3.1;
					};
					76E66B242AB93A10000EF7E8 = {
						CreatedOnToolsVersion = 14.3.1;
						TestTargetID = 76E66B0E2AB93A0F000EF7E8;
					};
					76E66B2E2AB93A10000EF7E8 = {
						CreatedOnToolsVersion = 14.3.1;
						TestTargetID = 76E66B0E2AB93A0F000EF7E8;
					};
				};
			};
			buildConfigurationList = 76E66B0A2AB93A0F000EF7E8 /* Build configuration list for PBXProject "News_app" */;
			compatibilityVersion = "Xcode 9.3";
			developmentRegion = en;
			hasScannedForEncodings = 0;
			knownRegions = (
				en,
				Base,
			);
			mainGroup = 76E66B062AB93A0E000EF7E8;
			packageReferences = (
				76E66B422AB93A54000EF7E8 /* XCRemoteSwiftPackageReference "SnapKit" */,
				76E66B452AB93A67000EF7E8 /* XCRemoteSwiftPackageReference "Alamofire" */,
			);
			productRefGroup = 76E66B102AB93A0F000EF7E8 /* Products */;
			projectDirPath = "";
			projectRoot = "";
			targets = (
				76E66B0E2AB93A0F000EF7E8 /* News_app */,
				76E66B242AB93A10000EF7E8 /* News_appTests */,
				76E66B2E2AB93A10000EF7E8 /* News_appUITests */,
			);
		};
/* End PBXProject section */

/* Begin PBXResourcesBuildPhase section */
		76E66B0D2AB93A0F000EF7E8 /* Resources */ = {
			isa = PBXResourcesBuildPhase;
			buildActionMask = 2147483647;
			files = (
				76E66B1F2AB93A10000EF7E8 /* LaunchScreen.storyboard in Resources */,
				76E66B1C2AB93A10000EF7E8 /* Assets.xcassets in Resources */,
			);
			runOnlyForDeploymentPostprocessing = 0;
		};
		76E66B232AB93A10000EF7E8 /* Resources */ = {
			isa = PBXResourcesBuildPhase;
			buildActionMask = 2147483647;
			files = (
			);
			runOnlyForDeploymentPostprocessing = 0;
		};
		76E66B2D2AB93A10000EF7E8 /* Resources */ = {
			isa = PBXResourcesBuildPhase;
			buildActionMask = 2147483647;
			files = (
			);
			runOnlyForDeploymentPostprocessing = 0;
		};
/* End PBXResourcesBuildPhase section */

/* Begin PBXShellScriptBuildPhase section */
		50666DF2AF05813F065B1832 /* [CP] Check Pods Manifest.lock */ = {
			isa = PBXShellScriptBuildPhase;
			buildActionMask = 2147483647;
			files = (
			);
			inputFileListPaths = (
			);
			inputPaths = (
				"${PODS_PODFILE_DIR_PATH}/Podfile.lock",
				"${PODS_ROOT}/Manifest.lock",
			);
			name = "[CP] Check Pods Manifest.lock";
			outputFileListPaths = (
			);
			outputPaths = (
				"$(DERIVED_FILE_DIR)/Pods-News_app-checkManifestLockResult.txt",
			);
			runOnlyForDeploymentPostprocessing = 0;
			shellPath = /bin/sh;
			shellScript = "diff \"${PODS_PODFILE_DIR_PATH}/Podfile.lock\" \"${PODS_ROOT}/Manifest.lock\" > /dev/null\nif [ $? != 0 ] ; then\n    # print error to STDERR\n    echo \"error: The sandbox is not in sync with the Podfile.lock. Run 'pod install' or update your CocoaPods installation.\" >&2\n    exit 1\nfi\n# This output is used by Xcode 'outputs' to avoid re-running this script phase.\necho \"SUCCESS\" > \"${SCRIPT_OUTPUT_FILE_0}\"\n";
			showEnvVarsInLog = 0;
		};
		6E2BA39A57BA3013E297C01D /* [CP] Check Pods Manifest.lock */ = {
			isa = PBXShellScriptBuildPhase;
			buildActionMask = 2147483647;
			files = (
			);
			inputFileListPaths = (
			);
			inputPaths = (
				"${PODS_PODFILE_DIR_PATH}/Podfile.lock",
				"${PODS_ROOT}/Manifest.lock",
			);
			name = "[CP] Check Pods Manifest.lock";
			outputFileListPaths = (
			);
			outputPaths = (
				"$(DERIVED_FILE_DIR)/Pods-News_app-News_appUITests-checkManifestLockResult.txt",
			);
			runOnlyForDeploymentPostprocessing = 0;
			shellPath = /bin/sh;
			shellScript = "diff \"${PODS_PODFILE_DIR_PATH}/Podfile.lock\" \"${PODS_ROOT}/Manifest.lock\" > /dev/null\nif [ $? != 0 ] ; then\n    # print error to STDERR\n    echo \"error: The sandbox is not in sync with the Podfile.lock. Run 'pod install' or update your CocoaPods installation.\" >&2\n    exit 1\nfi\n# This output is used by Xcode 'outputs' to avoid re-running this script phase.\necho \"SUCCESS\" > \"${SCRIPT_OUTPUT_FILE_0}\"\n";
			showEnvVarsInLog = 0;
		};
		76FE631A2AB93B3800DF3C30 /* SwiftLint */ = {
			isa = PBXShellScriptBuildPhase;
			buildActionMask = 2147483647;
			files = (
			);
			inputFileListPaths = (
			);
			inputPaths = (
			);
			name = SwiftLint;
			outputFileListPaths = (
			);
			outputPaths = (
			);
			runOnlyForDeploymentPostprocessing = 0;
			shellPath = /bin/sh;
			shellScript = "${PODS_ROOT}/SwiftLint/swiftlint\n";
		};
		7FDFFA118E50625354FA7FFD /* [CP] Embed Pods Frameworks */ = {
			isa = PBXShellScriptBuildPhase;
			buildActionMask = 2147483647;
			files = (
			);
			inputFileListPaths = (
				"${PODS_ROOT}/Target Support Files/Pods-News_app-News_appUITests/Pods-News_app-News_appUITests-frameworks-${CONFIGURATION}-input-files.xcfilelist",
			);
			name = "[CP] Embed Pods Frameworks";
			outputFileListPaths = (
				"${PODS_ROOT}/Target Support Files/Pods-News_app-News_appUITests/Pods-News_app-News_appUITests-frameworks-${CONFIGURATION}-output-files.xcfilelist",
			);
			runOnlyForDeploymentPostprocessing = 0;
			shellPath = /bin/sh;
			shellScript = "\"${PODS_ROOT}/Target Support Files/Pods-News_app-News_appUITests/Pods-News_app-News_appUITests-frameworks.sh\"\n";
			showEnvVarsInLog = 0;
		};
		CCC8588D74EBBE570CF06040 /* [CP] Embed Pods Frameworks */ = {
			isa = PBXShellScriptBuildPhase;
			buildActionMask = 2147483647;
			files = (
			);
			inputFileListPaths = (
				"${PODS_ROOT}/Target Support Files/Pods-News_app/Pods-News_app-frameworks-${CONFIGURATION}-input-files.xcfilelist",
			);
			name = "[CP] Embed Pods Frameworks";
			outputFileListPaths = (
				"${PODS_ROOT}/Target Support Files/Pods-News_app/Pods-News_app-frameworks-${CONFIGURATION}-output-files.xcfilelist",
			);
			runOnlyForDeploymentPostprocessing = 0;
			shellPath = /bin/sh;
			shellScript = "\"${PODS_ROOT}/Target Support Files/Pods-News_app/Pods-News_app-frameworks.sh\"\n";
			showEnvVarsInLog = 0;
		};
		D68D6014E19BAD1A8771E109 /* [CP] Check Pods Manifest.lock */ = {
			isa = PBXShellScriptBuildPhase;
			buildActionMask = 2147483647;
			files = (
			);
			inputFileListPaths = (
			);
			inputPaths = (
				"${PODS_PODFILE_DIR_PATH}/Podfile.lock",
				"${PODS_ROOT}/Manifest.lock",
			);
			name = "[CP] Check Pods Manifest.lock";
			outputFileListPaths = (
			);
			outputPaths = (
				"$(DERIVED_FILE_DIR)/Pods-News_appTests-checkManifestLockResult.txt",
			);
			runOnlyForDeploymentPostprocessing = 0;
			shellPath = /bin/sh;
			shellScript = "diff \"${PODS_PODFILE_DIR_PATH}/Podfile.lock\" \"${PODS_ROOT}/Manifest.lock\" > /dev/null\nif [ $? != 0 ] ; then\n    # print error to STDERR\n    echo \"error: The sandbox is not in sync with the Podfile.lock. Run 'pod install' or update your CocoaPods installation.\" >&2\n    exit 1\nfi\n# This output is used by Xcode 'outputs' to avoid re-running this script phase.\necho \"SUCCESS\" > \"${SCRIPT_OUTPUT_FILE_0}\"\n";
			showEnvVarsInLog = 0;
		};
/* End PBXShellScriptBuildPhase section */

/* Begin PBXSourcesBuildPhase section */
		76E66B0B2AB93A0F000EF7E8 /* Sources */ = {
			isa = PBXSourcesBuildPhase;
			buildActionMask = 2147483647;
			files = (
				76E66B172AB93A0F000EF7E8 /* NewsListViewController.swift in Sources */,
				766A14E42AB95CE90052F0D6 /* NewsListTableViewCell.swift in Sources */,
				766A14E62AB963B10052F0D6 /* NewsListTableViewHeaderView.swift in Sources */,
				76E66B132AB93A0F000EF7E8 /* AppDelegate.swift in Sources */,
				76E66B152AB93A0F000EF7E8 /* SceneDelegate.swift in Sources */,
				766A14E12AB959F60052F0D6 /* NewsListPresenter.swift in Sources */,
			);
			runOnlyForDeploymentPostprocessing = 0;
		};
		76E66B212AB93A10000EF7E8 /* Sources */ = {
			isa = PBXSourcesBuildPhase;
			buildActionMask = 2147483647;
			files = (
				76E66B2A2AB93A10000EF7E8 /* News_appTests.swift in Sources */,
			);
			runOnlyForDeploymentPostprocessing = 0;
		};
		76E66B2B2AB93A10000EF7E8 /* Sources */ = {
			isa = PBXSourcesBuildPhase;
			buildActionMask = 2147483647;
			files = (
				76E66B362AB93A10000EF7E8 /* News_appUITestsLaunchTests.swift in Sources */,
				76E66B342AB93A10000EF7E8 /* News_appUITests.swift in Sources */,
			);
			runOnlyForDeploymentPostprocessing = 0;
		};
/* End PBXSourcesBuildPhase section */

/* Begin PBXTargetDependency section */
		76E66B272AB93A10000EF7E8 /* PBXTargetDependency */ = {
			isa = PBXTargetDependency;
			target = 76E66B0E2AB93A0F000EF7E8 /* News_app */;
			targetProxy = 76E66B262AB93A10000EF7E8 /* PBXContainerItemProxy */;
		};
		76E66B312AB93A10000EF7E8 /* PBXTargetDependency */ = {
			isa = PBXTargetDependency;
			target = 76E66B0E2AB93A0F000EF7E8 /* News_app */;
			targetProxy = 76E66B302AB93A10000EF7E8 /* PBXContainerItemProxy */;
		};
/* End PBXTargetDependency section */

/* Begin PBXVariantGroup section */
		76E66B1D2AB93A10000EF7E8 /* LaunchScreen.storyboard */ = {
			isa = PBXVariantGroup;
			children = (
				76E66B1E2AB93A10000EF7E8 /* Base */,
			);
			name = LaunchScreen.storyboard;
			sourceTree = "<group>";
		};
/* End PBXVariantGroup section */

/* Begin XCBuildConfiguration section */
		76E66B372AB93A10000EF7E8 /* Debug */ = {
			isa = XCBuildConfiguration;
			buildSettings = {
				ALWAYS_SEARCH_USER_PATHS = NO;
				CLANG_ANALYZER_NONNULL = YES;
				CLANG_ANALYZER_NUMBER_OBJECT_CONVERSION = YES_AGGRESSIVE;
				CLANG_CXX_LANGUAGE_STANDARD = "gnu++20";
				CLANG_ENABLE_MODULES = YES;
				CLANG_ENABLE_OBJC_ARC = YES;
				CLANG_ENABLE_OBJC_WEAK = YES;
				CLANG_WARN_BLOCK_CAPTURE_AUTORELEASING = YES;
				CLANG_WARN_BOOL_CONVERSION = YES;
				CLANG_WARN_COMMA = YES;
				CLANG_WARN_CONSTANT_CONVERSION = YES;
				CLANG_WARN_DEPRECATED_OBJC_IMPLEMENTATIONS = YES;
				CLANG_WARN_DIRECT_OBJC_ISA_USAGE = YES_ERROR;
				CLANG_WARN_DOCUMENTATION_COMMENTS = YES;
				CLANG_WARN_EMPTY_BODY = YES;
				CLANG_WARN_ENUM_CONVERSION = YES;
				CLANG_WARN_INFINITE_RECURSION = YES;
				CLANG_WARN_INT_CONVERSION = YES;
				CLANG_WARN_NON_LITERAL_NULL_CONVERSION = YES;
				CLANG_WARN_OBJC_IMPLICIT_RETAIN_SELF = YES;
				CLANG_WARN_OBJC_LITERAL_CONVERSION = YES;
				CLANG_WARN_OBJC_ROOT_CLASS = YES_ERROR;
				CLANG_WARN_QUOTED_INCLUDE_IN_FRAMEWORK_HEADER = YES;
				CLANG_WARN_RANGE_LOOP_ANALYSIS = YES;
				CLANG_WARN_STRICT_PROTOTYPES = YES;
				CLANG_WARN_SUSPICIOUS_MOVE = YES;
				CLANG_WARN_UNGUARDED_AVAILABILITY = YES_AGGRESSIVE;
				CLANG_WARN_UNREACHABLE_CODE = YES;
				CLANG_WARN__DUPLICATE_METHOD_MATCH = YES;
				COPY_PHASE_STRIP = NO;
				DEBUG_INFORMATION_FORMAT = dwarf;
				ENABLE_STRICT_OBJC_MSGSEND = YES;
				ENABLE_TESTABILITY = YES;
				GCC_C_LANGUAGE_STANDARD = gnu11;
				GCC_DYNAMIC_NO_PIC = NO;
				GCC_NO_COMMON_BLOCKS = YES;
				GCC_OPTIMIZATION_LEVEL = 0;
				GCC_PREPROCESSOR_DEFINITIONS = (
					"DEBUG=1",
					"$(inherited)",
				);
				GCC_WARN_64_TO_32_BIT_CONVERSION = YES;
				GCC_WARN_ABOUT_RETURN_TYPE = YES_ERROR;
				GCC_WARN_UNDECLARED_SELECTOR = YES;
				GCC_WARN_UNINITIALIZED_AUTOS = YES_AGGRESSIVE;
				GCC_WARN_UNUSED_FUNCTION = YES;
				GCC_WARN_UNUSED_VARIABLE = YES;
				IPHONEOS_DEPLOYMENT_TARGET = 16.4;
				MTL_ENABLE_DEBUG_INFO = INCLUDE_SOURCE;
				MTL_FAST_MATH = YES;
				ONLY_ACTIVE_ARCH = YES;
				SDKROOT = iphoneos;
				SWIFT_ACTIVE_COMPILATION_CONDITIONS = DEBUG;
				SWIFT_OPTIMIZATION_LEVEL = "-Onone";
			};
			name = Debug;
		};
		76E66B382AB93A10000EF7E8 /* Release */ = {
			isa = XCBuildConfiguration;
			buildSettings = {
				ALWAYS_SEARCH_USER_PATHS = NO;
				CLANG_ANALYZER_NONNULL = YES;
				CLANG_ANALYZER_NUMBER_OBJECT_CONVERSION = YES_AGGRESSIVE;
				CLANG_CXX_LANGUAGE_STANDARD = "gnu++20";
				CLANG_ENABLE_MODULES = YES;
				CLANG_ENABLE_OBJC_ARC = YES;
				CLANG_ENABLE_OBJC_WEAK = YES;
				CLANG_WARN_BLOCK_CAPTURE_AUTORELEASING = YES;
				CLANG_WARN_BOOL_CONVERSION = YES;
				CLANG_WARN_COMMA = YES;
				CLANG_WARN_CONSTANT_CONVERSION = YES;
				CLANG_WARN_DEPRECATED_OBJC_IMPLEMENTATIONS = YES;
				CLANG_WARN_DIRECT_OBJC_ISA_USAGE = YES_ERROR;
				CLANG_WARN_DOCUMENTATION_COMMENTS = YES;
				CLANG_WARN_EMPTY_BODY = YES;
				CLANG_WARN_ENUM_CONVERSION = YES;
				CLANG_WARN_INFINITE_RECURSION = YES;
				CLANG_WARN_INT_CONVERSION = YES;
				CLANG_WARN_NON_LITERAL_NULL_CONVERSION = YES;
				CLANG_WARN_OBJC_IMPLICIT_RETAIN_SELF = YES;
				CLANG_WARN_OBJC_LITERAL_CONVERSION = YES;
				CLANG_WARN_OBJC_ROOT_CLASS = YES_ERROR;
				CLANG_WARN_QUOTED_INCLUDE_IN_FRAMEWORK_HEADER = YES;
				CLANG_WARN_RANGE_LOOP_ANALYSIS = YES;
				CLANG_WARN_STRICT_PROTOTYPES = YES;
				CLANG_WARN_SUSPICIOUS_MOVE = YES;
				CLANG_WARN_UNGUARDED_AVAILABILITY = YES_AGGRESSIVE;
				CLANG_WARN_UNREACHABLE_CODE = YES;
				CLANG_WARN__DUPLICATE_METHOD_MATCH = YES;
				COPY_PHASE_STRIP = NO;
				DEBUG_INFORMATION_FORMAT = "dwarf-with-dsym";
				ENABLE_NS_ASSERTIONS = NO;
				ENABLE_STRICT_OBJC_MSGSEND = YES;
				GCC_C_LANGUAGE_STANDARD = gnu11;
				GCC_NO_COMMON_BLOCKS = YES;
				GCC_WARN_64_TO_32_BIT_CONVERSION = YES;
				GCC_WARN_ABOUT_RETURN_TYPE = YES_ERROR;
				GCC_WARN_UNDECLARED_SELECTOR = YES;
				GCC_WARN_UNINITIALIZED_AUTOS = YES_AGGRESSIVE;
				GCC_WARN_UNUSED_FUNCTION = YES;
				GCC_WARN_UNUSED_VARIABLE = YES;
				IPHONEOS_DEPLOYMENT_TARGET = 16.4;
				MTL_ENABLE_DEBUG_INFO = NO;
				MTL_FAST_MATH = YES;
				SDKROOT = iphoneos;
				SWIFT_COMPILATION_MODE = wholemodule;
				SWIFT_OPTIMIZATION_LEVEL = "-O";
				VALIDATE_PRODUCT = YES;
			};
			name = Release;
		};
		76E66B3A2AB93A10000EF7E8 /* Debug */ = {
			isa = XCBuildConfiguration;
			baseConfigurationReference = 4D522306121447F695001070 /* Pods-News_app.debug.xcconfig */;
			buildSettings = {
				ASSETCATALOG_COMPILER_APPICON_NAME = AppIcon;
				ASSETCATALOG_COMPILER_GLOBAL_ACCENT_COLOR_NAME = AccentColor;
				CODE_SIGN_STYLE = Automatic;
				CURRENT_PROJECT_VERSION = 1;
				DEVELOPMENT_TEAM = J74H985T9L;
				GENERATE_INFOPLIST_FILE = YES;
				INFOPLIST_FILE = News_app/Info.plist;
				INFOPLIST_KEY_UIApplicationSupportsIndirectInputEvents = YES;
				INFOPLIST_KEY_UILaunchStoryboardName = LaunchScreen;
				INFOPLIST_KEY_UISupportedInterfaceOrientations_iPad = "UIInterfaceOrientationPortrait UIInterfaceOrientationPortraitUpsideDown UIInterfaceOrientationLandscapeLeft UIInterfaceOrientationLandscapeRight";
				INFOPLIST_KEY_UISupportedInterfaceOrientations_iPhone = "UIInterfaceOrientationPortrait UIInterfaceOrientationLandscapeLeft UIInterfaceOrientationLandscapeRight";
				IPHONEOS_DEPLOYMENT_TARGET = 14.1;
				LD_RUNPATH_SEARCH_PATHS = (
					"$(inherited)",
					"@executable_path/Frameworks",
				);
				MARKETING_VERSION = 1.0;
				PRODUCT_BUNDLE_IDENTIFIER = "com.terry.News-app";
				PRODUCT_NAME = "$(TARGET_NAME)";
				SWIFT_EMIT_LOC_STRINGS = YES;
				SWIFT_VERSION = 5.0;
				TARGETED_DEVICE_FAMILY = "1,2";
			};
			name = Debug;
		};
		76E66B3B2AB93A10000EF7E8 /* Release */ = {
			isa = XCBuildConfiguration;
			baseConfigurationReference = 5CDC33978C1FBA7004F03FD6 /* Pods-News_app.release.xcconfig */;
			buildSettings = {
				ASSETCATALOG_COMPILER_APPICON_NAME = AppIcon;
				ASSETCATALOG_COMPILER_GLOBAL_ACCENT_COLOR_NAME = AccentColor;
				CODE_SIGN_STYLE = Automatic;
				CURRENT_PROJECT_VERSION = 1;
				DEVELOPMENT_TEAM = J74H985T9L;
				GENERATE_INFOPLIST_FILE = YES;
				INFOPLIST_FILE = News_app/Info.plist;
				INFOPLIST_KEY_UIApplicationSupportsIndirectInputEvents = YES;
				INFOPLIST_KEY_UILaunchStoryboardName = LaunchScreen;
				INFOPLIST_KEY_UISupportedInterfaceOrientations_iPad = "UIInterfaceOrientationPortrait UIInterfaceOrientationPortraitUpsideDown UIInterfaceOrientationLandscapeLeft UIInterfaceOrientationLandscapeRight";
				INFOPLIST_KEY_UISupportedInterfaceOrientations_iPhone = "UIInterfaceOrientationPortrait UIInterfaceOrientationLandscapeLeft UIInterfaceOrientationLandscapeRight";
				IPHONEOS_DEPLOYMENT_TARGET = 14.1;
				LD_RUNPATH_SEARCH_PATHS = (
					"$(inherited)",
					"@executable_path/Frameworks",
				);
				MARKETING_VERSION = 1.0;
				PRODUCT_BUNDLE_IDENTIFIER = "com.terry.News-app";
				PRODUCT_NAME = "$(TARGET_NAME)";
				SWIFT_EMIT_LOC_STRINGS = YES;
				SWIFT_VERSION = 5.0;
				TARGETED_DEVICE_FAMILY = "1,2";
			};
			name = Release;
		};
		76E66B3D2AB93A10000EF7E8 /* Debug */ = {
			isa = XCBuildConfiguration;
			baseConfigurationReference = 3FDF02F736AD864FA53FFB4B /* Pods-News_appTests.debug.xcconfig */;
			buildSettings = {
				ALWAYS_EMBED_SWIFT_STANDARD_LIBRARIES = YES;
				BUNDLE_LOADER = "$(TEST_HOST)";
				CODE_SIGN_STYLE = Automatic;
				CURRENT_PROJECT_VERSION = 1;
				DEVELOPMENT_TEAM = J74H985T9L;
				GENERATE_INFOPLIST_FILE = YES;
				IPHONEOS_DEPLOYMENT_TARGET = 16.4;
				MARKETING_VERSION = 1.0;
				PRODUCT_BUNDLE_IDENTIFIER = "com.terry.News-appTests";
				PRODUCT_NAME = "$(TARGET_NAME)";
				SWIFT_EMIT_LOC_STRINGS = NO;
				SWIFT_VERSION = 5.0;
				TARGETED_DEVICE_FAMILY = "1,2";
				TEST_HOST = "$(BUILT_PRODUCTS_DIR)/News_app.app/$(BUNDLE_EXECUTABLE_FOLDER_PATH)/News_app";
			};
			name = Debug;
		};
		76E66B3E2AB93A10000EF7E8 /* Release */ = {
			isa = XCBuildConfiguration;
			baseConfigurationReference = AEC70BD0110D6051323AB2FE /* Pods-News_appTests.release.xcconfig */;
			buildSettings = {
				ALWAYS_EMBED_SWIFT_STANDARD_LIBRARIES = YES;
				BUNDLE_LOADER = "$(TEST_HOST)";
				CODE_SIGN_STYLE = Automatic;
				CURRENT_PROJECT_VERSION = 1;
				DEVELOPMENT_TEAM = J74H985T9L;
				GENERATE_INFOPLIST_FILE = YES;
				IPHONEOS_DEPLOYMENT_TARGET = 16.4;
				MARKETING_VERSION = 1.0;
				PRODUCT_BUNDLE_IDENTIFIER = "com.terry.News-appTests";
				PRODUCT_NAME = "$(TARGET_NAME)";
				SWIFT_EMIT_LOC_STRINGS = NO;
				SWIFT_VERSION = 5.0;
				TARGETED_DEVICE_FAMILY = "1,2";
				TEST_HOST = "$(BUILT_PRODUCTS_DIR)/News_app.app/$(BUNDLE_EXECUTABLE_FOLDER_PATH)/News_app";
			};
			name = Release;
		};
		76E66B402AB93A10000EF7E8 /* Debug */ = {
			isa = XCBuildConfiguration;
			baseConfigurationReference = A182A176B85019FBF7635DD2 /* Pods-News_app-News_appUITests.debug.xcconfig */;
			buildSettings = {
				ALWAYS_EMBED_SWIFT_STANDARD_LIBRARIES = YES;
				CODE_SIGN_STYLE = Automatic;
				CURRENT_PROJECT_VERSION = 1;
				DEVELOPMENT_TEAM = J74H985T9L;
				GENERATE_INFOPLIST_FILE = YES;
				MARKETING_VERSION = 1.0;
				PRODUCT_BUNDLE_IDENTIFIER = "com.terry.News-appUITests";
				PRODUCT_NAME = "$(TARGET_NAME)";
				SWIFT_EMIT_LOC_STRINGS = NO;
				SWIFT_VERSION = 5.0;
				TARGETED_DEVICE_FAMILY = "1,2";
				TEST_TARGET_NAME = News_app;
			};
			name = Debug;
		};
		76E66B412AB93A10000EF7E8 /* Release */ = {
			isa = XCBuildConfiguration;
			baseConfigurationReference = 3B7D173F6898BA631FFA0648 /* Pods-News_app-News_appUITests.release.xcconfig */;
			buildSettings = {
				ALWAYS_EMBED_SWIFT_STANDARD_LIBRARIES = YES;
				CODE_SIGN_STYLE = Automatic;
				CURRENT_PROJECT_VERSION = 1;
				DEVELOPMENT_TEAM = J74H985T9L;
				GENERATE_INFOPLIST_FILE = YES;
				MARKETING_VERSION = 1.0;
				PRODUCT_BUNDLE_IDENTIFIER = "com.terry.News-appUITests";
				PRODUCT_NAME = "$(TARGET_NAME)";
				SWIFT_EMIT_LOC_STRINGS = NO;
				SWIFT_VERSION = 5.0;
				TARGETED_DEVICE_FAMILY = "1,2";
				TEST_TARGET_NAME = News_app;
			};
			name = Release;
		};
/* End XCBuildConfiguration section */

/* Begin XCConfigurationList section */
		76E66B0A2AB93A0F000EF7E8 /* Build configuration list for PBXProject "News_app" */ = {
			isa = XCConfigurationList;
			buildConfigurations = (
				76E66B372AB93A10000EF7E8 /* Debug */,
				76E66B382AB93A10000EF7E8 /* Release */,
			);
			defaultConfigurationIsVisible = 0;
			defaultConfigurationName = Release;
		};
		76E66B392AB93A10000EF7E8 /* Build configuration list for PBXNativeTarget "News_app" */ = {
			isa = XCConfigurationList;
			buildConfigurations = (
				76E66B3A2AB93A10000EF7E8 /* Debug */,
				76E66B3B2AB93A10000EF7E8 /* Release */,
			);
			defaultConfigurationIsVisible = 0;
			defaultConfigurationName = Release;
		};
		76E66B3C2AB93A10000EF7E8 /* Build configuration list for PBXNativeTarget "News_appTests" */ = {
			isa = XCConfigurationList;
			buildConfigurations = (
				76E66B3D2AB93A10000EF7E8 /* Debug */,
				76E66B3E2AB93A10000EF7E8 /* Release */,
			);
			defaultConfigurationIsVisible = 0;
			defaultConfigurationName = Release;
		};
		76E66B3F2AB93A10000EF7E8 /* Build configuration list for PBXNativeTarget "News_appUITests" */ = {
			isa = XCConfigurationList;
			buildConfigurations = (
				76E66B402AB93A10000EF7E8 /* Debug */,
				76E66B412AB93A10000EF7E8 /* Release */,
			);
			defaultConfigurationIsVisible = 0;
			defaultConfigurationName = Release;
		};
/* End XCConfigurationList section */

/* Begin XCRemoteSwiftPackageReference section */
		76E66B422AB93A54000EF7E8 /* XCRemoteSwiftPackageReference "SnapKit" */ = {
			isa = XCRemoteSwiftPackageReference;
			repositoryURL = "https://github.com/SnapKit/SnapKit.git";
			requirement = {
				kind = upToNextMajorVersion;
				minimumVersion = 5.0.0;
			};
		};
		76E66B452AB93A67000EF7E8 /* XCRemoteSwiftPackageReference "Alamofire" */ = {
			isa = XCRemoteSwiftPackageReference;
			repositoryURL = "https://github.com/Alamofire/Alamofire.git";
			requirement = {
				kind = upToNextMajorVersion;
				minimumVersion = 5.0.0;
			};
		};
/* End XCRemoteSwiftPackageReference section */

/* Begin XCSwiftPackageProductDependency section */
		76E66B432AB93A54000EF7E8 /* SnapKit */ = {
			isa = XCSwiftPackageProductDependency;
			package = 76E66B422AB93A54000EF7E8 /* XCRemoteSwiftPackageReference "SnapKit" */;
			productName = SnapKit;
		};
		76E66B462AB93A67000EF7E8 /* Alamofire */ = {
			isa = XCSwiftPackageProductDependency;
			package = 76E66B452AB93A67000EF7E8 /* XCRemoteSwiftPackageReference "Alamofire" */;
			productName = Alamofire;
		};
/* End XCSwiftPackageProductDependency section */
	};
	rootObject = 76E66B072AB93A0F000EF7E8 /* Project object */;
}
